
Microsoft Visual Studio Solution File, Format Version 12.00
# Visual Studio Version 16
VisualStudioVersion = 16.0.29613.14
MinimumVisualStudioVersion = 10.0.40219.1
Project("{FAE04EC0-301F-11D3-BF4B-00C04F79EFBC}") = "MathExprSolver.API", "MathExprSolver.API\MathExprSolver.API.csproj", "{9FD9260C-0276-4369-80D6-88B895C4C77E}"
EndProject
Project("{FAE04EC0-301F-11D3-BF4B-00C04F79EFBC}") = "MathExprSolver", "MathExprSolver\MathExprSolver.csproj", "{06D0BBAE-541D-4773-8931-531A5781EF38}"
EndProject
Project("{FAE04EC0-301F-11D3-BF4B-00C04F79EFBC}") = "MathExprSolver.Tests", "MathExprSolver.Tests\MathExprSolver.Tests.csproj", "{CBA9BEB8-8753-432A-AE3A-B727C079FE8D}"
EndProject
Global
	GlobalSection(SolutionConfigurationPlatforms) = preSolution
		Debug|Any CPU = Debug|Any CPU
		Release|Any CPU = Release|Any CPU
	EndGlobalSection
	GlobalSection(ProjectConfigurationPlatforms) = postSolution
		{9FD9260C-0276-4369-80D6-88B895C4C77E}.Debug|Any CPU.ActiveCfg = Debug|Any CPU
		{9FD9260C-0276-4369-80D6-88B895C4C77E}.Debug|Any CPU.Build.0 = Debug|Any CPU
		{9FD9260C-0276-4369-80D6-88B895C4C77E}.Release|Any CPU.ActiveCfg = Release|Any CPU
		{9FD9260C-0276-4369-80D6-88B895C4C77E}.Release|Any CPU.Build.0 = Release|Any CPU
		{06D0BBAE-541D-4773-8931-531A5781EF38}.Debug|Any CPU.ActiveCfg = Debug|Any CPU
		{06D0BBAE-541D-4773-8931-531A5781EF38}.Debug|Any CPU.Build.0 = Debug|Any CPU
		{06D0BBAE-541D-4773-8931-531A5781EF38}.Release|Any CPU.ActiveCfg = Release|Any CPU
		{06D0BBAE-541D-4773-8931-531A5781EF38}.Release|Any CPU.Build.0 = Release|Any CPU
		{CBA9BEB8-8753-432A-AE3A-B727C079FE8D}.Debug|Any CPU.ActiveCfg = Debug|Any CPU
		{CBA9BEB8-8753-432A-AE3A-B727C079FE8D}.Debug|Any CPU.Build.0 = Debug|Any CPU
		{CBA9BEB8-8753-432A-AE3A-B727C079FE8D}.Release|Any CPU.ActiveCfg = Release|Any CPU
		{CBA9BEB8-8753-432A-AE3A-B727C079FE8D}.Release|Any CPU.Build.0 = Release|Any CPU
	EndGlobalSection
	GlobalSection(SolutionProperties) = preSolution
		HideSolutionNode = FALSE
	EndGlobalSection
	GlobalSection(ExtensibilityGlobals) = postSolution
		SolutionGuid = {FBA5CA49-6705-4FAA-9218-5324828EE3B5}
	EndGlobalSection
EndGlobal
